
Microsoft Visual Studio Solution File, Format Version 12.00
# Visual Studio 15
VisualStudioVersion = 15.0.26124.0
MinimumVisualStudioVersion = 15.0.26124.0
Project("{FAE04EC0-301F-11D3-BF4B-00C04F79EFBC}") = "VideotapeGalore.Models", "VideotapeGalore.Models\VideotapeGalore.Models.csproj", "{71A9AA4C-574D-4AF7-89BC-AA807505DFBD}"
EndProject
Project("{FAE04EC0-301F-11D3-BF4B-00C04F79EFBC}") = "VideotapeGalore.Repositories", "VideotapeGalore.Repositories\VideotapeGalore.Repositories.csproj", "{D0334E95-1746-4FF2-9071-91084BB43715}"
EndProject
Project("{FAE04EC0-301F-11D3-BF4B-00C04F79EFBC}") = "VideotapeGalore.Services", "VideotapeGalore.Services\VideotapeGalore.Services.csproj", "{9EC15B21-4291-4C06-9C17-C31E7A5A041B}"
EndProject
Project("{FAE04EC0-301F-11D3-BF4B-00C04F79EFBC}") = "VideotapeGalore.WebApi", "VideotapeGalore.WebApi\VideotapeGalore.WebApi.csproj", "{9CAC7774-E34C-4F29-A848-699022B847A0}"
EndProject
Global
	GlobalSection(SolutionConfigurationPlatforms) = preSolution
		Debug|Any CPU = Debug|Any CPU
		Debug|x64 = Debug|x64
		Debug|x86 = Debug|x86
		Release|Any CPU = Release|Any CPU
		Release|x64 = Release|x64
		Release|x86 = Release|x86
	EndGlobalSection
	GlobalSection(SolutionProperties) = preSolution
		HideSolutionNode = FALSE
	EndGlobalSection
	GlobalSection(ProjectConfigurationPlatforms) = postSolution
		{71A9AA4C-574D-4AF7-89BC-AA807505DFBD}.Debug|Any CPU.ActiveCfg = Debug|Any CPU
		{71A9AA4C-574D-4AF7-89BC-AA807505DFBD}.Debug|Any CPU.Build.0 = Debug|Any CPU
		{71A9AA4C-574D-4AF7-89BC-AA807505DFBD}.Debug|x64.ActiveCfg = Debug|Any CPU
		{71A9AA4C-574D-4AF7-89BC-AA807505DFBD}.Debug|x64.Build.0 = Debug|Any CPU
		{71A9AA4C-574D-4AF7-89BC-AA807505DFBD}.Debug|x86.ActiveCfg = Debug|Any CPU
		{71A9AA4C-574D-4AF7-89BC-AA807505DFBD}.Debug|x86.Build.0 = Debug|Any CPU
		{71A9AA4C-574D-4AF7-89BC-AA807505DFBD}.Release|Any CPU.ActiveCfg = Release|Any CPU
		{71A9AA4C-574D-4AF7-89BC-AA807505DFBD}.Release|Any CPU.Build.0 = Release|Any CPU
		{71A9AA4C-574D-4AF7-89BC-AA807505DFBD}.Release|x64.ActiveCfg = Release|Any CPU
		{71A9AA4C-574D-4AF7-89BC-AA807505DFBD}.Release|x64.Build.0 = Release|Any CPU
		{71A9AA4C-574D-4AF7-89BC-AA807505DFBD}.Release|x86.ActiveCfg = Release|Any CPU
		{71A9AA4C-574D-4AF7-89BC-AA807505DFBD}.Release|x86.Build.0 = Release|Any CPU
		{D0334E95-1746-4FF2-9071-91084BB43715}.Debug|Any CPU.ActiveCfg = Debug|Any CPU
		{D0334E95-1746-4FF2-9071-91084BB43715}.Debug|Any CPU.Build.0 = Debug|Any CPU
		{D0334E95-1746-4FF2-9071-91084BB43715}.Debug|x64.ActiveCfg = Debug|Any CPU
		{D0334E95-1746-4FF2-9071-91084BB43715}.Debug|x64.Build.0 = Debug|Any CPU
		{D0334E95-1746-4FF2-9071-91084BB43715}.Debug|x86.ActiveCfg = Debug|Any CPU
		{D0334E95-1746-4FF2-9071-91084BB43715}.Debug|x86.Build.0 = Debug|Any CPU
		{D0334E95-1746-4FF2-9071-91084BB43715}.Release|Any CPU.ActiveCfg = Release|Any CPU
		{D0334E95-1746-4FF2-9071-91084BB43715}.Release|Any CPU.Build.0 = Release|Any CPU
		{D0334E95-1746-4FF2-9071-91084BB43715}.Release|x64.ActiveCfg = Release|Any CPU
		{D0334E95-1746-4FF2-9071-91084BB43715}.Release|x64.Build.0 = Release|Any CPU
		{D0334E95-1746-4FF2-9071-91084BB43715}.Release|x86.ActiveCfg = Release|Any CPU
		{D0334E95-1746-4FF2-9071-91084BB43715}.Release|x86.Build.0 = Release|Any CPU
		{9EC15B21-4291-4C06-9C17-C31E7A5A041B}.Debug|Any CPU.ActiveCfg = Debug|Any CPU
		{9EC15B21-4291-4C06-9C17-C31E7A5A041B}.Debug|Any CPU.Build.0 = Debug|Any CPU
		{9EC15B21-4291-4C06-9C17-C31E7A5A041B}.Debug|x64.ActiveCfg = Debug|Any CPU
		{9EC15B21-4291-4C06-9C17-C31E7A5A041B}.Debug|x64.Build.0 = Debug|Any CPU
		{9EC15B21-4291-4C06-9C17-C31E7A5A041B}.Debug|x86.ActiveCfg = Debug|Any CPU
		{9EC15B21-4291-4C06-9C17-C31E7A5A041B}.Debug|x86.Build.0 = Debug|Any CPU
		{9EC15B21-4291-4C06-9C17-C31E7A5A041B}.Release|Any CPU.ActiveCfg = Release|Any CPU
		{9EC15B21-4291-4C06-9C17-C31E7A5A041B}.Release|Any CPU.Build.0 = Release|Any CPU
		{9EC15B21-4291-4C06-9C17-C31E7A5A041B}.Release|x64.ActiveCfg = Release|Any CPU
		{9EC15B21-4291-4C06-9C17-C31E7A5A041B}.Release|x64.Build.0 = Release|Any CPU
		{9EC15B21-4291-4C06-9C17-C31E7A5A041B}.Release|x86.ActiveCfg = Release|Any CPU
		{9EC15B21-4291-4C06-9C17-C31E7A5A041B}.Release|x86.Build.0 = Release|Any CPU
		{9CAC7774-E34C-4F29-A848-699022B847A0}.Debug|Any CPU.ActiveCfg = Debug|Any CPU
		{9CAC7774-E34C-4F29-A848-699022B847A0}.Debug|Any CPU.Build.0 = Debug|Any CPU
		{9CAC7774-E34C-4F29-A848-699022B847A0}.Debug|x64.ActiveCfg = Debug|Any CPU
		{9CAC7774-E34C-4F29-A848-699022B847A0}.Debug|x64.Build.0 = Debug|Any CPU
		{9CAC7774-E34C-4F29-A848-699022B847A0}.Debug|x86.ActiveCfg = Debug|Any CPU
		{9CAC7774-E34C-4F29-A848-699022B847A0}.Debug|x86.Build.0 = Debug|Any CPU
		{9CAC7774-E34C-4F29-A848-699022B847A0}.Release|Any CPU.ActiveCfg = Release|Any CPU
		{9CAC7774-E34C-4F29-A848-699022B847A0}.Release|Any CPU.Build.0 = Release|Any CPU
		{9CAC7774-E34C-4F29-A848-699022B847A0}.Release|x64.ActiveCfg = Release|Any CPU
		{9CAC7774-E34C-4F29-A848-699022B847A0}.Release|x64.Build.0 = Release|Any CPU
		{9CAC7774-E34C-4F29-A848-699022B847A0}.Release|x86.ActiveCfg = Release|Any CPU
		{9CAC7774-E34C-4F29-A848-699022B847A0}.Release|x86.Build.0 = Release|Any CPU
	EndGlobalSection
EndGlobal
